// !$*UTF8*$!
{
	archiveVersion = 1;
	classes = {
	};
	objectVersion = 51;
	objects = {

/* Begin PBXBuildFile section */
		233C095022B5A773002451C0 /* lightningBolt.scn in Resources */ = {isa = PBXBuildFile; fileRef = 233C094F22B5A743002451C0 /* lightningBolt.scn */; };
		2358F5BD22B521DB005A2250 /* broccoli.scn in Resources */ = {isa = PBXBuildFile; fileRef = 2358F5BC22B51F7F005A2250 /* broccoli.scn */; };
		2358F5E022B57376005A2250 /* candyCane.scn in Resources */ = {isa = PBXBuildFile; fileRef = 2358F5DE22B572D8005A2250 /* candyCane.scn */; };
		23852BEE22B1805700D46FF6 /* EnemyController.swift in Sources */ = {isa = PBXBuildFile; fileRef = 23852BED22B1805600D46FF6 /* EnemyController.swift */; };
		23852BF022B1823200D46FF6 /* police.scn in Resources */ = {isa = PBXBuildFile; fileRef = 23852BEF22B1823200D46FF6 /* police.scn */; };
		239A693C22B65666009B5753 /* snowFlake.scn in Resources */ = {isa = PBXBuildFile; fileRef = 239A693B22B65666009B5753 /* snowFlake.scn */; };
		840C704722A0097F008EB80F /* gangster.scn in Resources */ = {isa = PBXBuildFile; fileRef = 840C704322A0097E008EB80F /* gangster.scn */; };
		840C704822A0097F008EB80F /* ARController.swift in Sources */ = {isa = PBXBuildFile; fileRef = 840C704422A0097E008EB80F /* ARController.swift */; };
		840C704922A0097F008EB80F /* HorizontalPlane.swift in Sources */ = {isa = PBXBuildFile; fileRef = 840C704522A0097F008EB80F /* HorizontalPlane.swift */; };
		840C704C22A00997008EB80F /* ViewController.swift in Sources */ = {isa = PBXBuildFile; fileRef = 840C704B22A00996008EB80F /* ViewController.swift */; };
		840C704E22A1114E008EB80F /* playarea.scn in Resources */ = {isa = PBXBuildFile; fileRef = 840C704D22A1114D008EB80F /* playarea.scn */; };
		841BD7EB229579B000B87AF3 /* AppDelegate.swift in Sources */ = {isa = PBXBuildFile; fileRef = 841BD7EA229579B000B87AF3 /* AppDelegate.swift */; };
		841BD7F0229579B000B87AF3 /* Main.storyboard in Resources */ = {isa = PBXBuildFile; fileRef = 841BD7EE229579B000B87AF3 /* Main.storyboard */; };
		841BD7F3229579B000B87AF3 /* Grand_Theft_Candy.xcdatamodeld in Sources */ = {isa = PBXBuildFile; fileRef = 841BD7F1229579B000B87AF3 /* Grand_Theft_Candy.xcdatamodeld */; };
		841BD7F5229579B100B87AF3 /* Assets.xcassets in Resources */ = {isa = PBXBuildFile; fileRef = 841BD7F4229579B100B87AF3 /* Assets.xcassets */; };
		841BD7F8229579B100B87AF3 /* LaunchScreen.storyboard in Resources */ = {isa = PBXBuildFile; fileRef = 841BD7F6229579B100B87AF3 /* LaunchScreen.storyboard */; };
		8447DF3022A117C500BF5365 /* PlayerController.swift in Sources */ = {isa = PBXBuildFile; fileRef = 8447DF2F22A117C500BF5365 /* PlayerController.swift */; };
		8447DF3822A1482D00BF5365 /* JoystickController.swift in Sources */ = {isa = PBXBuildFile; fileRef = 8447DF3722A1482D00BF5365 /* JoystickController.swift */; };
		847BE2682295C0FB003A1A35 /* Helpers.swift in Sources */ = {isa = PBXBuildFile; fileRef = 847BE2672295C0FB003A1A35 /* Helpers.swift */; };
		84B451ED22BCAD4F006F0AA0 /* bombItem.scn in Resources */ = {isa = PBXBuildFile; fileRef = 84B451EB22BCAD4F006F0AA0 /* bombItem.scn */; };
		84B451EE22BCAD4F006F0AA0 /* hotBomb.scn in Resources */ = {isa = PBXBuildFile; fileRef = 84B451EC22BCAD4F006F0AA0 /* hotBomb.scn */; };
		84B451F022BCCC76006F0AA0 /* HotBomb.swift in Sources */ = {isa = PBXBuildFile; fileRef = 84B451EF22BCCC76006F0AA0 /* HotBomb.swift */; };
		84DEA99422AE535200174057 /* Surface.jpeg in Resources */ = {isa = PBXBuildFile; fileRef = 84DEA99322AE535200174057 /* Surface.jpeg */; };
		ACCF252F5D04EAFF8B09691F /* Pods_Grand_Theft_Candy.framework in Frameworks */ = {isa = PBXBuildFile; fileRef = 9305D77D1DA2A52C35372408 /* Pods_Grand_Theft_Candy.framework */; };
		D15C90ED22B8EBB500E129FE /* GoogleService-Info.plist in Resources */ = {isa = PBXBuildFile; fileRef = D15C90EC22B8EBB500E129FE /* GoogleService-Info.plist */; };
		D15C90EF22B8EFE600E129FE /* HighscoreController.swift in Sources */ = {isa = PBXBuildFile; fileRef = D15C90EE22B8EFE600E129FE /* HighscoreController.swift */; };
		D1B7D6C722B168890044D362 /* GTC Logo.png in Resources */ = {isa = PBXBuildFile; fileRef = D1B7D6C622B168880044D362 /* GTC Logo.png */; };
		D1B7D6CB22B2718B0044D362 /* GameOverController.swift in Sources */ = {isa = PBXBuildFile; fileRef = D1B7D6CA22B2718B0044D362 /* GameOverController.swift */; };
		D1C4D78522B147480019CF12 /* StartMenuController.swift in Sources */ = {isa = PBXBuildFile; fileRef = D1C4D78422B147470019CF12 /* StartMenuController.swift */; };
		D1C4D79222B149DD0019CF12 /* gta_sanandreas.mp3 in Resources */ = {isa = PBXBuildFile; fileRef = D1C4D79022B149D40019CF12 /* gta_sanandreas.mp3 */; };
/* End PBXBuildFile section */

/* Begin PBXFileReference section */
		233C094F22B5A743002451C0 /* lightningBolt.scn */ = {isa = PBXFileReference; lastKnownFileType = file.bplist; path = lightningBolt.scn; sourceTree = "<group>"; };
		2358F5BC22B51F7F005A2250 /* broccoli.scn */ = {isa = PBXFileReference; lastKnownFileType = file.bplist; path = broccoli.scn; sourceTree = "<group>"; };
		2358F5DE22B572D8005A2250 /* candyCane.scn */ = {isa = PBXFileReference; lastKnownFileType = file.bplist; path = candyCane.scn; sourceTree = "<group>"; };
		23852BED22B1805600D46FF6 /* EnemyController.swift */ = {isa = PBXFileReference; fileEncoding = 4; lastKnownFileType = sourcecode.swift; path = EnemyController.swift; sourceTree = "<group>"; };
		23852BEF22B1823200D46FF6 /* police.scn */ = {isa = PBXFileReference; lastKnownFileType = file.bplist; path = police.scn; sourceTree = "<group>"; };
		239A693B22B65666009B5753 /* snowFlake.scn */ = {isa = PBXFileReference; lastKnownFileType = file.bplist; path = snowFlake.scn; sourceTree = "<group>"; };
		840C704322A0097E008EB80F /* gangster.scn */ = {isa = PBXFileReference; lastKnownFileType = file.bplist; path = gangster.scn; sourceTree = "<group>"; };
		840C704422A0097E008EB80F /* ARController.swift */ = {isa = PBXFileReference; fileEncoding = 4; lastKnownFileType = sourcecode.swift; path = ARController.swift; sourceTree = "<group>"; };
		840C704522A0097F008EB80F /* HorizontalPlane.swift */ = {isa = PBXFileReference; fileEncoding = 4; lastKnownFileType = sourcecode.swift; path = HorizontalPlane.swift; sourceTree = "<group>"; };
		840C704B22A00996008EB80F /* ViewController.swift */ = {isa = PBXFileReference; fileEncoding = 4; lastKnownFileType = sourcecode.swift; path = ViewController.swift; sourceTree = "<group>"; };
		840C704D22A1114D008EB80F /* playarea.scn */ = {isa = PBXFileReference; lastKnownFileType = file.bplist; path = playarea.scn; sourceTree = "<group>"; };
		841BD7E7229579B000B87AF3 /* Grand Theft Candy.app */ = {isa = PBXFileReference; explicitFileType = wrapper.application; includeInIndex = 0; path = "Grand Theft Candy.app"; sourceTree = BUILT_PRODUCTS_DIR; };
		841BD7EA229579B000B87AF3 /* AppDelegate.swift */ = {isa = PBXFileReference; lastKnownFileType = sourcecode.swift; path = AppDelegate.swift; sourceTree = "<group>"; };
		841BD7EF229579B000B87AF3 /* Base */ = {isa = PBXFileReference; lastKnownFileType = file.storyboard; name = Base; path = Base.lproj/Main.storyboard; sourceTree = "<group>"; };
		841BD7F2229579B000B87AF3 /* Grand_Theft_Candy.xcdatamodel */ = {isa = PBXFileReference; lastKnownFileType = wrapper.xcdatamodel; path = Grand_Theft_Candy.xcdatamodel; sourceTree = "<group>"; };
		841BD7F4229579B100B87AF3 /* Assets.xcassets */ = {isa = PBXFileReference; lastKnownFileType = folder.assetcatalog; path = Assets.xcassets; sourceTree = "<group>"; };
		841BD7F7229579B100B87AF3 /* Base */ = {isa = PBXFileReference; lastKnownFileType = file.storyboard; name = Base; path = Base.lproj/LaunchScreen.storyboard; sourceTree = "<group>"; };
		841BD7F9229579B100B87AF3 /* Info.plist */ = {isa = PBXFileReference; lastKnownFileType = text.plist.xml; path = Info.plist; sourceTree = "<group>"; };
		8447DF2F22A117C500BF5365 /* PlayerController.swift */ = {isa = PBXFileReference; fileEncoding = 4; lastKnownFileType = sourcecode.swift; path = PlayerController.swift; sourceTree = "<group>"; };
		8447DF3722A1482D00BF5365 /* JoystickController.swift */ = {isa = PBXFileReference; lastKnownFileType = sourcecode.swift; path = JoystickController.swift; sourceTree = "<group>"; };
		847BE2672295C0FB003A1A35 /* Helpers.swift */ = {isa = PBXFileReference; fileEncoding = 4; lastKnownFileType = sourcecode.swift; path = Helpers.swift; sourceTree = "<group>"; };
		84B451EB22BCAD4F006F0AA0 /* bombItem.scn */ = {isa = PBXFileReference; lastKnownFileType = file.bplist; path = bombItem.scn; sourceTree = "<group>"; };
		84B451EC22BCAD4F006F0AA0 /* hotBomb.scn */ = {isa = PBXFileReference; lastKnownFileType = file.bplist; path = hotBomb.scn; sourceTree = "<group>"; };
		84B451EF22BCCC76006F0AA0 /* HotBomb.swift */ = {isa = PBXFileReference; lastKnownFileType = sourcecode.swift; path = HotBomb.swift; sourceTree = "<group>"; };
		84DEA99322AE535200174057 /* Surface.jpeg */ = {isa = PBXFileReference; lastKnownFileType = image.jpeg; path = Surface.jpeg; sourceTree = "<group>"; };
		9305D77D1DA2A52C35372408 /* Pods_Grand_Theft_Candy.framework */ = {isa = PBXFileReference; explicitFileType = wrapper.framework; includeInIndex = 0; path = Pods_Grand_Theft_Candy.framework; sourceTree = BUILT_PRODUCTS_DIR; };
		B71E8B7922BF160A55849235 /* Pods-Grand Theft Candy.release.xcconfig */ = {isa = PBXFileReference; includeInIndex = 1; lastKnownFileType = text.xcconfig; name = "Pods-Grand Theft Candy.release.xcconfig"; path = "Target Support Files/Pods-Grand Theft Candy/Pods-Grand Theft Candy.release.xcconfig"; sourceTree = "<group>"; };
		C064F787F583BB874A41C6E3 /* Pods-Grand Theft Candy.debug.xcconfig */ = {isa = PBXFileReference; includeInIndex = 1; lastKnownFileType = text.xcconfig; name = "Pods-Grand Theft Candy.debug.xcconfig"; path = "Target Support Files/Pods-Grand Theft Candy/Pods-Grand Theft Candy.debug.xcconfig"; sourceTree = "<group>"; };
		D15C90EC22B8EBB500E129FE /* GoogleService-Info.plist */ = {isa = PBXFileReference; fileEncoding = 4; lastKnownFileType = text.plist.xml; path = "GoogleService-Info.plist"; sourceTree = "<group>"; };
		D15C90EE22B8EFE600E129FE /* HighscoreController.swift */ = {isa = PBXFileReference; lastKnownFileType = sourcecode.swift; path = HighscoreController.swift; sourceTree = "<group>"; };
		D1B7D6C622B168880044D362 /* GTC Logo.png */ = {isa = PBXFileReference; lastKnownFileType = image.png; path = "GTC Logo.png"; sourceTree = "<group>"; };
		D1B7D6CA22B2718B0044D362 /* GameOverController.swift */ = {isa = PBXFileReference; fileEncoding = 4; lastKnownFileType = sourcecode.swift; path = GameOverController.swift; sourceTree = "<group>"; };
		D1C4D78422B147470019CF12 /* StartMenuController.swift */ = {isa = PBXFileReference; lastKnownFileType = sourcecode.swift; path = StartMenuController.swift; sourceTree = "<group>"; };
		D1C4D79022B149D40019CF12 /* gta_sanandreas.mp3 */ = {isa = PBXFileReference; lastKnownFileType = audio.mp3; path = gta_sanandreas.mp3; sourceTree = "<group>"; };
/* End PBXFileReference section */

/* Begin PBXFrameworksBuildPhase section */
		841BD7E4229579B000B87AF3 /* Frameworks */ = {
			isa = PBXFrameworksBuildPhase;
			buildActionMask = 2147483647;
			files = (
				ACCF252F5D04EAFF8B09691F /* Pods_Grand_Theft_Candy.framework in Frameworks */,
			);
			runOnlyForDeploymentPostprocessing = 0;
		};
/* End PBXFrameworksBuildPhase section */

/* Begin PBXGroup section */
		4CB652783B9C8242D7901079 /* Pods */ = {
			isa = PBXGroup;
			children = (
				C064F787F583BB874A41C6E3 /* Pods-Grand Theft Candy.debug.xcconfig */,
				B71E8B7922BF160A55849235 /* Pods-Grand Theft Candy.release.xcconfig */,
			);
			path = Pods;
			sourceTree = "<group>";
		};
		841BD7DE229579B000B87AF3 = {
			isa = PBXGroup;
			children = (
				841BD7E9229579B000B87AF3 /* Grand Theft Candy */,
				841BD7E8229579B000B87AF3 /* Products */,
				D1C4D78122B145CC0019CF12 /* Frameworks */,
				4CB652783B9C8242D7901079 /* Pods */,
			);
			sourceTree = "<group>";
		};
		841BD7E8229579B000B87AF3 /* Products */ = {
			isa = PBXGroup;
			children = (
				841BD7E7229579B000B87AF3 /* Grand Theft Candy.app */,
			);
			name = Products;
			sourceTree = "<group>";
		};
		841BD7E9229579B000B87AF3 /* Grand Theft Candy */ = {
			isa = PBXGroup;
			children = (
				D1C4D79622B14A1A0019CF12 /* Controller */,
				D1C4D79322B149E60019CF12 /* Scenes */,
				841BD7EA229579B000B87AF3 /* AppDelegate.swift */,
				84B451EF22BCCC76006F0AA0 /* HotBomb.swift */,
				847BE2672295C0FB003A1A35 /* Helpers.swift */,
				840C704522A0097F008EB80F /* HorizontalPlane.swift */,
				841BD7EE229579B000B87AF3 /* Main.storyboard */,
				841BD7F6229579B100B87AF3 /* LaunchScreen.storyboard */,
				D1C4D79422B14A070019CF12 /* Assets */,
				841BD7F4229579B100B87AF3 /* Assets.xcassets */,
				841BD7F9229579B100B87AF3 /* Info.plist */,
				841BD7F1229579B000B87AF3 /* Grand_Theft_Candy.xcdatamodeld */,
				D15C90EC22B8EBB500E129FE /* GoogleService-Info.plist */,
			);
			path = "Grand Theft Candy";
			sourceTree = "<group>";
		};
		D1C4D78122B145CC0019CF12 /* Frameworks */ = {
			isa = PBXGroup;
			children = (
				9305D77D1DA2A52C35372408 /* Pods_Grand_Theft_Candy.framework */,
			);
			name = Frameworks;
			sourceTree = "<group>";
		};
		D1C4D79322B149E60019CF12 /* Scenes */ = {
			isa = PBXGroup;
			children = (
				84B451EB22BCAD4F006F0AA0 /* bombItem.scn */,
				84B451EC22BCAD4F006F0AA0 /* hotBomb.scn */,
				239A693B22B65666009B5753 /* snowFlake.scn */,
				233C094F22B5A743002451C0 /* lightningBolt.scn */,
				2358F5DE22B572D8005A2250 /* candyCane.scn */,
				2358F5BC22B51F7F005A2250 /* broccoli.scn */,
				23852BEF22B1823200D46FF6 /* police.scn */,
				840C704D22A1114D008EB80F /* playarea.scn */,
				840C704322A0097E008EB80F /* gangster.scn */,
			);
			name = Scenes;
			sourceTree = "<group>";
		};
		D1C4D79422B14A070019CF12 /* Assets */ = {
			isa = PBXGroup;
			children = (
				D1B7D6C622B168880044D362 /* GTC Logo.png */,
				84DEA99322AE535200174057 /* Surface.jpeg */,
				D1C4D79022B149D40019CF12 /* gta_sanandreas.mp3 */,
			);
			name = Assets;
			sourceTree = "<group>";
		};
		D1C4D79622B14A1A0019CF12 /* Controller */ = {
			isa = PBXGroup;
			children = (
				D1C4D78422B147470019CF12 /* StartMenuController.swift */,
				23852BED22B1805600D46FF6 /* EnemyController.swift */,
				840C704B22A00996008EB80F /* ViewController.swift */,
				840C704422A0097E008EB80F /* ARController.swift */,
				8447DF3722A1482D00BF5365 /* JoystickController.swift */,
				8447DF2F22A117C500BF5365 /* PlayerController.swift */,
				D1B7D6CA22B2718B0044D362 /* GameOverController.swift */,
				D15C90EE22B8EFE600E129FE /* HighscoreController.swift */,
			);
			name = Controller;
			sourceTree = "<group>";
		};
/* End PBXGroup section */

/* Begin PBXNativeTarget section */
		841BD7E6229579B000B87AF3 /* Grand Theft Candy */ = {
			isa = PBXNativeTarget;
			buildConfigurationList = 841BD7FC229579B100B87AF3 /* Build configuration list for PBXNativeTarget "Grand Theft Candy" */;
			buildPhases = (
				68FF7D9CD5A0A514ED6B28B2 /* [CP] Check Pods Manifest.lock */,
				841BD7E3229579B000B87AF3 /* Sources */,
				841BD7E4229579B000B87AF3 /* Frameworks */,
				841BD7E5229579B000B87AF3 /* Resources */,
				29EA1033B784ECC188615662 /* [CP] Embed Pods Frameworks */,
			);
			buildRules = (
			);
			dependencies = (
			);
			name = "Grand Theft Candy";
			productName = "Grand Theft Candy";
			productReference = 841BD7E7229579B000B87AF3 /* Grand Theft Candy.app */;
			productType = "com.apple.product-type.application";
		};
/* End PBXNativeTarget section */

/* Begin PBXProject section */
		841BD7DF229579B000B87AF3 /* Project object */ = {
			isa = PBXProject;
			attributes = {
				LastSwiftUpdateCheck = 1010;
				LastUpgradeCheck = 1010;
				ORGANIZATIONNAME = Gruppe02;
				TargetAttributes = {
					841BD7E6229579B000B87AF3 = {
						CreatedOnToolsVersion = 10.1;
					};
				};
			};
			buildConfigurationList = 841BD7E2229579B000B87AF3 /* Build configuration list for PBXProject "Grand Theft Candy" */;
			compatibilityVersion = "Xcode 9.3";
			developmentRegion = en;
			hasScannedForEncodings = 0;
			knownRegions = (
				en,
				Base,
			);
			mainGroup = 841BD7DE229579B000B87AF3;
			productRefGroup = 841BD7E8229579B000B87AF3 /* Products */;
			projectDirPath = "";
			projectRoot = "";
			targets = (
				841BD7E6229579B000B87AF3 /* Grand Theft Candy */,
			);
		};
/* End PBXProject section */

/* Begin PBXResourcesBuildPhase section */
		841BD7E5229579B000B87AF3 /* Resources */ = {
			isa = PBXResourcesBuildPhase;
			buildActionMask = 2147483647;
			files = (
				D1C4D79222B149DD0019CF12 /* gta_sanandreas.mp3 in Resources */,
				2358F5BD22B521DB005A2250 /* broccoli.scn in Resources */,
				D15C90ED22B8EBB500E129FE /* GoogleService-Info.plist in Resources */,
				841BD7F8229579B100B87AF3 /* LaunchScreen.storyboard in Resources */,
				84B451ED22BCAD4F006F0AA0 /* bombItem.scn in Resources */,
				840C704722A0097F008EB80F /* gangster.scn in Resources */,
				D1B7D6C722B168890044D362 /* GTC Logo.png in Resources */,
				841BD7F5229579B100B87AF3 /* Assets.xcassets in Resources */,
				84B451EE22BCAD4F006F0AA0 /* hotBomb.scn in Resources */,
				233C095022B5A773002451C0 /* lightningBolt.scn in Resources */,
				84DEA99422AE535200174057 /* Surface.jpeg in Resources */,
				23852BF022B1823200D46FF6 /* police.scn in Resources */,
				840C704E22A1114E008EB80F /* playarea.scn in Resources */,
				239A693C22B65666009B5753 /* snowFlake.scn in Resources */,
				841BD7F0229579B000B87AF3 /* Main.storyboard in Resources */,
				2358F5E022B57376005A2250 /* candyCane.scn in Resources */,
			);
			runOnlyForDeploymentPostprocessing = 0;
		};
/* End PBXResourcesBuildPhase section */

/* Begin PBXShellScriptBuildPhase section */
		29EA1033B784ECC188615662 /* [CP] Embed Pods Frameworks */ = {
			isa = PBXShellScriptBuildPhase;
			buildActionMask = 2147483647;
			files = (
			);
			inputFileListPaths = (
				"${PODS_ROOT}/Target Support Files/Pods-Grand Theft Candy/Pods-Grand Theft Candy-frameworks-${CONFIGURATION}-input-files.xcfilelist",
			);
			name = "[CP] Embed Pods Frameworks";
			outputFileListPaths = (
				"${PODS_ROOT}/Target Support Files/Pods-Grand Theft Candy/Pods-Grand Theft Candy-frameworks-${CONFIGURATION}-output-files.xcfilelist",
			);
			runOnlyForDeploymentPostprocessing = 0;
			shellPath = /bin/sh;
			shellScript = "\"${PODS_ROOT}/Target Support Files/Pods-Grand Theft Candy/Pods-Grand Theft Candy-frameworks.sh\"\n";
			showEnvVarsInLog = 0;
		};
		68FF7D9CD5A0A514ED6B28B2 /* [CP] Check Pods Manifest.lock */ = {
			isa = PBXShellScriptBuildPhase;
			buildActionMask = 2147483647;
			files = (
			);
			inputFileListPaths = (
			);
			inputPaths = (
				"${PODS_PODFILE_DIR_PATH}/Podfile.lock",
				"${PODS_ROOT}/Manifest.lock",
			);
			name = "[CP] Check Pods Manifest.lock";
			outputFileListPaths = (
			);
			outputPaths = (
				"$(DERIVED_FILE_DIR)/Pods-Grand Theft Candy-checkManifestLockResult.txt",
			);
			runOnlyForDeploymentPostprocessing = 0;
			shellPath = /bin/sh;
			shellScript = "diff \"${PODS_PODFILE_DIR_PATH}/Podfile.lock\" \"${PODS_ROOT}/Manifest.lock\" > /dev/null\nif [ $? != 0 ] ; then\n    # print error to STDERR\n    echo \"error: The sandbox is not in sync with the Podfile.lock. Run 'pod install' or update your CocoaPods installation.\" >&2\n    exit 1\nfi\n# This output is used by Xcode 'outputs' to avoid re-running this script phase.\necho \"SUCCESS\" > \"${SCRIPT_OUTPUT_FILE_0}\"\n";
			showEnvVarsInLog = 0;
		};
/* End PBXShellScriptBuildPhase section */

/* Begin PBXSourcesBuildPhase section */
		841BD7E3229579B000B87AF3 /* Sources */ = {
			isa = PBXSourcesBuildPhase;
			buildActionMask = 2147483647;
			files = (
				84B451F022BCCC76006F0AA0 /* HotBomb.swift in Sources */,
				841BD7F3229579B000B87AF3 /* Grand_Theft_Candy.xcdatamodeld in Sources */,
				841BD7EB229579B000B87AF3 /* AppDelegate.swift in Sources */,
				D1B7D6CB22B2718B0044D362 /* GameOverController.swift in Sources */,
				23852BEE22B1805700D46FF6 /* EnemyController.swift in Sources */,
				D15C90EF22B8EFE600E129FE /* HighscoreController.swift in Sources */,
				847BE2682295C0FB003A1A35 /* Helpers.swift in Sources */,
				840C704C22A00997008EB80F /* ViewController.swift in Sources */,
				D1C4D78522B147480019CF12 /* StartMenuController.swift in Sources */,
				8447DF3022A117C500BF5365 /* PlayerController.swift in Sources */,
				840C704922A0097F008EB80F /* HorizontalPlane.swift in Sources */,
				840C704822A0097F008EB80F /* ARController.swift in Sources */,
				8447DF3822A1482D00BF5365 /* JoystickController.swift in Sources */,
			);
			runOnlyForDeploymentPostprocessing = 0;
		};
/* End PBXSourcesBuildPhase section */

/* Begin PBXVariantGroup section */
		841BD7EE229579B000B87AF3 /* Main.storyboard */ = {
			isa = PBXVariantGroup;
			children = (
				841BD7EF229579B000B87AF3 /* Base */,
			);
			name = Main.storyboard;
			sourceTree = "<group>";
		};
		841BD7F6229579B100B87AF3 /* LaunchScreen.storyboard */ = {
			isa = PBXVariantGroup;
			children = (
				841BD7F7229579B100B87AF3 /* Base */,
			);
			name = LaunchScreen.storyboard;
			sourceTree = "<group>";
		};
/* End PBXVariantGroup section */

/* Begin XCBuildConfiguration section */
		841BD7FA229579B100B87AF3 /* Debug */ = {
			isa = XCBuildConfiguration;
			buildSettings = {
				ALWAYS_SEARCH_USER_PATHS = NO;
				CLANG_ANALYZER_NONNULL = YES;
				CLANG_ANALYZER_NUMBER_OBJECT_CONVERSION = YES_AGGRESSIVE;
				CLANG_CXX_LANGUAGE_STANDARD = "gnu++14";
				CLANG_CXX_LIBRARY = "libc++";
				CLANG_ENABLE_MODULES = YES;
				CLANG_ENABLE_OBJC_ARC = YES;
				CLANG_ENABLE_OBJC_WEAK = YES;
				CLANG_WARN_BLOCK_CAPTURE_AUTORELEASING = YES;
				CLANG_WARN_BOOL_CONVERSION = YES;
				CLANG_WARN_COMMA = YES;
				CLANG_WARN_CONSTANT_CONVERSION = YES;
				CLANG_WARN_DEPRECATED_OBJC_IMPLEMENTATIONS = YES;
				CLANG_WARN_DIRECT_OBJC_ISA_USAGE = YES_ERROR;
				CLANG_WARN_DOCUMENTATION_COMMENTS = YES;
				CLANG_WARN_EMPTY_BODY = YES;
				CLANG_WARN_ENUM_CONVERSION = YES;
				CLANG_WARN_INFINITE_RECURSION = YES;
				CLANG_WARN_INT_CONVERSION = YES;
				CLANG_WARN_NON_LITERAL_NULL_CONVERSION = YES;
				CLANG_WARN_OBJC_IMPLICIT_RETAIN_SELF = YES;
				CLANG_WARN_OBJC_LITERAL_CONVERSION = YES;
				CLANG_WARN_OBJC_ROOT_CLASS = YES_ERROR;
				CLANG_WARN_RANGE_LOOP_ANALYSIS = YES;
				CLANG_WARN_STRICT_PROTOTYPES = YES;
				CLANG_WARN_SUSPICIOUS_MOVE = YES;
				CLANG_WARN_UNGUARDED_AVAILABILITY = YES_AGGRESSIVE;
				CLANG_WARN_UNREACHABLE_CODE = YES;
				CLANG_WARN__DUPLICATE_METHOD_MATCH = YES;
				CODE_SIGN_IDENTITY = "iPhone Developer";
				COPY_PHASE_STRIP = NO;
				DEBUG_INFORMATION_FORMAT = dwarf;
				ENABLE_STRICT_OBJC_MSGSEND = YES;
				ENABLE_TESTABILITY = YES;
				GCC_C_LANGUAGE_STANDARD = gnu11;
				GCC_DYNAMIC_NO_PIC = NO;
				GCC_NO_COMMON_BLOCKS = YES;
				GCC_OPTIMIZATION_LEVEL = 0;
				GCC_PREPROCESSOR_DEFINITIONS = (
					"DEBUG=1",
					"$(inherited)",
				);
				GCC_WARN_64_TO_32_BIT_CONVERSION = YES;
				GCC_WARN_ABOUT_RETURN_TYPE = YES_ERROR;
				GCC_WARN_UNDECLARED_SELECTOR = YES;
				GCC_WARN_UNINITIALIZED_AUTOS = YES_AGGRESSIVE;
				GCC_WARN_UNUSED_FUNCTION = YES;
				GCC_WARN_UNUSED_VARIABLE = YES;
				IPHONEOS_DEPLOYMENT_TARGET = 12.1;
				MTL_ENABLE_DEBUG_INFO = INCLUDE_SOURCE;
				MTL_FAST_MATH = YES;
				ONLY_ACTIVE_ARCH = YES;
				SDKROOT = iphoneos;
				SWIFT_ACTIVE_COMPILATION_CONDITIONS = DEBUG;
				SWIFT_OPTIMIZATION_LEVEL = "-Onone";
			};
			name = Debug;
		};
		841BD7FB229579B100B87AF3 /* Release */ = {
			isa = XCBuildConfiguration;
			buildSettings = {
				ALWAYS_SEARCH_USER_PATHS = NO;
				CLANG_ANALYZER_NONNULL = YES;
				CLANG_ANALYZER_NUMBER_OBJECT_CONVERSION = YES_AGGRESSIVE;
				CLANG_CXX_LANGUAGE_STANDARD = "gnu++14";
				CLANG_CXX_LIBRARY = "libc++";
				CLANG_ENABLE_MODULES = YES;
				CLANG_ENABLE_OBJC_ARC = YES;
				CLANG_ENABLE_OBJC_WEAK = YES;
				CLANG_WARN_BLOCK_CAPTURE_AUTORELEASING = YES;
				CLANG_WARN_BOOL_CONVERSION = YES;
				CLANG_WARN_COMMA = YES;
				CLANG_WARN_CONSTANT_CONVERSION = YES;
				CLANG_WARN_DEPRECATED_OBJC_IMPLEMENTATIONS = YES;
				CLANG_WARN_DIRECT_OBJC_ISA_USAGE = YES_ERROR;
				CLANG_WARN_DOCUMENTATION_COMMENTS = YES;
				CLANG_WARN_EMPTY_BODY = YES;
				CLANG_WARN_ENUM_CONVERSION = YES;
				CLANG_WARN_INFINITE_RECURSION = YES;
				CLANG_WARN_INT_CONVERSION = YES;
				CLANG_WARN_NON_LITERAL_NULL_CONVERSION = YES;
				CLANG_WARN_OBJC_IMPLICIT_RETAIN_SELF = YES;
				CLANG_WARN_OBJC_LITERAL_CONVERSION = YES;
				CLANG_WARN_OBJC_ROOT_CLASS = YES_ERROR;
				CLANG_WARN_RANGE_LOOP_ANALYSIS = YES;
				CLANG_WARN_STRICT_PROTOTYPES = YES;
				CLANG_WARN_SUSPICIOUS_MOVE = YES;
				CLANG_WARN_UNGUARDED_AVAILABILITY = YES_AGGRESSIVE;
				CLANG_WARN_UNREACHABLE_CODE = YES;
				CLANG_WARN__DUPLICATE_METHOD_MATCH = YES;
				CODE_SIGN_IDENTITY = "iPhone Developer";
				COPY_PHASE_STRIP = NO;
				DEBUG_INFORMATION_FORMAT = "dwarf-with-dsym";
				ENABLE_NS_ASSERTIONS = NO;
				ENABLE_STRICT_OBJC_MSGSEND = YES;
				GCC_C_LANGUAGE_STANDARD = gnu11;
				GCC_NO_COMMON_BLOCKS = YES;
				GCC_WARN_64_TO_32_BIT_CONVERSION = YES;
				GCC_WARN_ABOUT_RETURN_TYPE = YES_ERROR;
				GCC_WARN_UNDECLARED_SELECTOR = YES;
				GCC_WARN_UNINITIALIZED_AUTOS = YES_AGGRESSIVE;
				GCC_WARN_UNUSED_FUNCTION = YES;
				GCC_WARN_UNUSED_VARIABLE = YES;
				IPHONEOS_DEPLOYMENT_TARGET = 12.1;
				MTL_ENABLE_DEBUG_INFO = NO;
				MTL_FAST_MATH = YES;
				SDKROOT = iphoneos;
				SWIFT_COMPILATION_MODE = wholemodule;
				SWIFT_OPTIMIZATION_LEVEL = "-O";
				VALIDATE_PRODUCT = YES;
			};
			name = Release;
		};
		841BD7FD229579B100B87AF3 /* Debug */ = {
			isa = XCBuildConfiguration;
			baseConfigurationReference = C064F787F583BB874A41C6E3 /* Pods-Grand Theft Candy.debug.xcconfig */;
			buildSettings = {
				ASSETCATALOG_COMPILER_APPICON_NAME = AppIcon;
				CODE_SIGN_STYLE = Automatic;
				DEVELOPMENT_TEAM = LYJ5G48484;
				INFOPLIST_FILE = "Grand Theft Candy/Info.plist";
				LD_RUNPATH_SEARCH_PATHS = (
					"$(inherited)",
					"@executable_path/Frameworks",
				);
				PRODUCT_BUNDLE_IDENTIFIER = nw.grandtheftcandy546546465asdfs;
				PRODUCT_NAME = "$(TARGET_NAME)";
				SWIFT_VERSION = 4.2;
				TARGETED_DEVICE_FAMILY = "1,2";
			};
			name = Debug;
		};
		841BD7FE229579B100B87AF3 /* Release */ = {
			isa = XCBuildConfiguration;
			baseConfigurationReference = B71E8B7922BF160A55849235 /* Pods-Grand Theft Candy.release.xcconfig */;
			buildSettings = {
				ASSETCATALOG_COMPILER_APPICON_NAME = AppIcon;
				CODE_SIGN_STYLE = Automatic;
				DEVELOPMENT_TEAM = LYJ5G48484;
				INFOPLIST_FILE = "Grand Theft Candy/Info.plist";
				LD_RUNPATH_SEARCH_PATHS = (
					"$(inherited)",
					"@executable_path/Frameworks",
				);
				PRODUCT_BUNDLE_IDENTIFIER = nw.grandtheftcandy546546465asdfs;
				PRODUCT_NAME = "$(TARGET_NAME)";
				SWIFT_VERSION = 4.2;
				TARGETED_DEVICE_FAMILY = "1,2";
			};
			name = Release;
		};
/* End XCBuildConfiguration section */

/* Begin XCConfigurationList section */
		841BD7E2229579B000B87AF3 /* Build configuration list for PBXProject "Grand Theft Candy" */ = {
			isa = XCConfigurationList;
			buildConfigurations = (
				841BD7FA229579B100B87AF3 /* Debug */,
				841BD7FB229579B100B87AF3 /* Release */,
			);
			defaultConfigurationIsVisible = 0;
			defaultConfigurationName = Release;
		};
		841BD7FC229579B100B87AF3 /* Build configuration list for PBXNativeTarget "Grand Theft Candy" */ = {
			isa = XCConfigurationList;
			buildConfigurations = (
				841BD7FD229579B100B87AF3 /* Debug */,
				841BD7FE229579B100B87AF3 /* Release */,
			);
			defaultConfigurationIsVisible = 0;
			defaultConfigurationName = Release;
		};
/* End XCConfigurationList section */

/* Begin XCVersionGroup section */
		841BD7F1229579B000B87AF3 /* Grand_Theft_Candy.xcdatamodeld */ = {
			isa = XCVersionGroup;
			children = (
				841BD7F2229579B000B87AF3 /* Grand_Theft_Candy.xcdatamodel */,
			);
			currentVersion = 841BD7F2229579B000B87AF3 /* Grand_Theft_Candy.xcdatamodel */;
			path = Grand_Theft_Candy.xcdatamodeld;
			sourceTree = "<group>";
			versionGroupType = wrapper.xcdatamodel;
		};
/* End XCVersionGroup section */
	};
	rootObject = 841BD7DF229579B000B87AF3 /* Project object */;
}
